// !$*UTF8*$!
{
	archiveVersion = 1;
	classes = {
	};
	objectVersion = 50;
	objects = {

/* Begin PBXBuildFile section */
		3A4E77B32505CEBD007A3AFD /* AppDelegate.swift in Sources */ = {isa = PBXBuildFile; fileRef = 3A4E77B22505CEBD007A3AFD /* AppDelegate.swift */; };
		3A4E77B52505CEBD007A3AFD /* SceneDelegate.swift in Sources */ = {isa = PBXBuildFile; fileRef = 3A4E77B42505CEBD007A3AFD /* SceneDelegate.swift */; };
		3A4E77B72505CEBD007A3AFD /* ViewController.swift in Sources */ = {isa = PBXBuildFile; fileRef = 3A4E77B62505CEBD007A3AFD /* ViewController.swift */; };
		3A4E77BA2505CEBD007A3AFD /* Main.storyboard in Resources */ = {isa = PBXBuildFile; fileRef = 3A4E77B82505CEBD007A3AFD /* Main.storyboard */; };
		3A4E77BC2505CEBF007A3AFD /* Assets.xcassets in Resources */ = {isa = PBXBuildFile; fileRef = 3A4E77BB2505CEBF007A3AFD /* Assets.xcassets */; };
		3A4E77BF2505CEBF007A3AFD /* LaunchScreen.storyboard in Resources */ = {isa = PBXBuildFile; fileRef = 3A4E77BD2505CEBF007A3AFD /* LaunchScreen.storyboard */; };
		3A4E77DD25086CAD007A3AFD /* electricStormBlue.png in Resources */ = {isa = PBXBuildFile; fileRef = 3A4E77D625086CAC007A3AFD /* electricStormBlue.png */; };
		3A4E77DE25086CAD007A3AFD /* classicSilverMetallic.png in Resources */ = {isa = PBXBuildFile; fileRef = 3A4E77D725086CAD007A3AFD /* classicSilverMetallic.png */; };
		3A4E77DF25086CAD007A3AFD /* seaGlassPearl.png in Resources */ = {isa = PBXBuildFile; fileRef = 3A4E77D825086CAD007A3AFD /* seaGlassPearl.png */; };
		3A4E77E025086CAD007A3AFD /* magneticGrayMetallic.png in Resources */ = {isa = PBXBuildFile; fileRef = 3A4E77D925086CAD007A3AFD /* magneticGrayMetallic.png */; };
		3A4E77E125086CAD007A3AFD /* windChillPearl.png in Resources */ = {isa = PBXBuildFile; fileRef = 3A4E77DA25086CAD007A3AFD /* windChillPearl.png */; };
		3A4E77E225086CAD007A3AFD /* midnightBlackMetallic.png in Resources */ = {isa = PBXBuildFile; fileRef = 3A4E77DB25086CAD007A3AFD /* midnightBlackMetallic.png */; };
		3A4E77E325086CAD007A3AFD /* supersonicRed.png in Resources */ = {isa = PBXBuildFile; fileRef = 3A4E77DC25086CAD007A3AFD /* supersonicRed.png */; };
/* End PBXBuildFile section */

/* Begin PBXFileReference section */
		3A4E77AF2505CEBD007A3AFD /* MAD157Module4CarOptionsKarenM.app */ = {isa = PBXFileReference; explicitFileType = wrapper.application; includeInIndex = 0; path = MAD157Module4CarOptionsKarenM.app; sourceTree = BUILT_PRODUCTS_DIR; };
		3A4E77B22505CEBD007A3AFD /* AppDelegate.swift */ = {isa = PBXFileReference; lastKnownFileType = sourcecode.swift; path = AppDelegate.swift; sourceTree = "<group>"; };
		3A4E77B42505CEBD007A3AFD /* SceneDelegate.swift */ = {isa = PBXFileReference; lastKnownFileType = sourcecode.swift; path = SceneDelegate.swift; sourceTree = "<group>"; };
		3A4E77B62505CEBD007A3AFD /* ViewController.swift */ = {isa = PBXFileReference; lastKnownFileType = sourcecode.swift; path = ViewController.swift; sourceTree = "<group>"; };
		3A4E77B92505CEBD007A3AFD /* Base */ = {isa = PBXFileReference; lastKnownFileType = file.storyboard; name = Base; path = Base.lproj/Main.storyboard; sourceTree = "<group>"; };
		3A4E77BB2505CEBF007A3AFD /* Assets.xcassets */ = {isa = PBXFileReference; lastKnownFileType = folder.assetcatalog; path = Assets.xcassets; sourceTree = "<group>"; };
		3A4E77BE2505CEBF007A3AFD /* Base */ = {isa = PBXFileReference; lastKnownFileType = file.storyboard; name = Base; path = Base.lproj/LaunchScreen.storyboard; sourceTree = "<group>"; };
		3A4E77C02505CEBF007A3AFD /* Info.plist */ = {isa = PBXFileReference; lastKnownFileType = text.plist.xml; path = Info.plist; sourceTree = "<group>"; };
		3A4E77D625086CAC007A3AFD /* electricStormBlue.png */ = {isa = PBXFileReference; lastKnownFileType = image.png; name = electricStormBlue.png; path = "Toyota Prius/electricStormBlue.png"; sourceTree = SOURCE_ROOT; };
		3A4E77D725086CAD007A3AFD /* classicSilverMetallic.png */ = {isa = PBXFileReference; lastKnownFileType = image.png; name = classicSilverMetallic.png; path = "Toyota Prius/classicSilverMetallic.png"; sourceTree = SOURCE_ROOT; };
		3A4E77D825086CAD007A3AFD /* seaGlassPearl.png */ = {isa = PBXFileReference; lastKnownFileType = image.png; name = seaGlassPearl.png; path = "Toyota Prius/seaGlassPearl.png"; sourceTree = SOURCE_ROOT; };
		3A4E77D925086CAD007A3AFD /* magneticGrayMetallic.png */ = {isa = PBXFileReference; lastKnownFileType = image.png; name = magneticGrayMetallic.png; path = "Toyota Prius/magneticGrayMetallic.png"; sourceTree = SOURCE_ROOT; };
		3A4E77DA25086CAD007A3AFD /* windChillPearl.png */ = {isa = PBXFileReference; lastKnownFileType = image.png; name = windChillPearl.png; path = "Toyota Prius/windChillPearl.png"; sourceTree = SOURCE_ROOT; };
		3A4E77DB25086CAD007A3AFD /* midnightBlackMetallic.png */ = {isa = PBXFileReference; lastKnownFileType = image.png; name = midnightBlackMetallic.png; path = "Toyota Prius/midnightBlackMetallic.png"; sourceTree = SOURCE_ROOT; };
		3A4E77DC25086CAD007A3AFD /* supersonicRed.png */ = {isa = PBXFileReference; lastKnownFileType = image.png; name = supersonicRed.png; path = "Toyota Prius/supersonicRed.png"; sourceTree = SOURCE_ROOT; };
/* End PBXFileReference section */

/* Begin PBXFrameworksBuildPhase section */
		3A4E77AC2505CEBD007A3AFD /* Frameworks */ = {
			isa = PBXFrameworksBuildPhase;
			buildActionMask = 2147483647;
			files = (
			);
			runOnlyForDeploymentPostprocessing = 0;
		};
/* End PBXFrameworksBuildPhase section */

/* Begin PBXGroup section */
		3A4E77A62505CEBD007A3AFD = {
			isa = PBXGroup;
			children = (
				3A4E77B12505CEBD007A3AFD /* MAD157Module4CarOptionsKarenM */,
				3A4E77B02505CEBD007A3AFD /* Products */,
			);
			sourceTree = "<group>";
		};
		3A4E77B02505CEBD007A3AFD /* Products */ = {
			isa = PBXGroup;
			children = (
				3A4E77AF2505CEBD007A3AFD /* MAD157Module4CarOptionsKarenM.app */,
			);
			name = Products;
			sourceTree = "<group>";
		};
		3A4E77B12505CEBD007A3AFD /* MAD157Module4CarOptionsKarenM */ = {
			isa = PBXGroup;
			children = (
				3A4E77B22505CEBD007A3AFD /* AppDelegate.swift */,
				3A4E77B42505CEBD007A3AFD /* SceneDelegate.swift */,
				3A4E77B62505CEBD007A3AFD /* ViewController.swift */,
				3A4E77B82505CEBD007A3AFD /* Main.storyboard */,
				3A4E77BB2505CEBF007A3AFD /* Assets.xcassets */,
				3A4E77D725086CAD007A3AFD /* classicSilverMetallic.png */,
				3A4E77D625086CAC007A3AFD /* electricStormBlue.png */,
				3A4E77D925086CAD007A3AFD /* magneticGrayMetallic.png */,
				3A4E77DB25086CAD007A3AFD /* midnightBlackMetallic.png */,
				3A4E77D825086CAD007A3AFD /* seaGlassPearl.png */,
				3A4E77DC25086CAD007A3AFD /* supersonicRed.png */,
				3A4E77DA25086CAD007A3AFD /* windChillPearl.png */,
				3A4E77BD2505CEBF007A3AFD /* LaunchScreen.storyboard */,
				3A4E77C02505CEBF007A3AFD /* Info.plist */,
			);
			path = MAD157Module4CarOptionsKarenM;
			sourceTree = "<group>";
		};
/* End PBXGroup section */

/* Begin PBXNativeTarget section */
		3A4E77AE2505CEBD007A3AFD /* MAD157Module4CarOptionsKarenM */ = {
			isa = PBXNativeTarget;
			buildConfigurationList = 3A4E77C32505CEBF007A3AFD /* Build configuration list for PBXNativeTarget "MAD157Module4CarOptionsKarenM" */;
			buildPhases = (
				3A4E77AB2505CEBD007A3AFD /* Sources */,
				3A4E77AC2505CEBD007A3AFD /* Frameworks */,
				3A4E77AD2505CEBD007A3AFD /* Resources */,
			);
			buildRules = (
			);
			dependencies = (
			);
			name = MAD157Module4CarOptionsKarenM;
			productName = MAD157Module4CarOptionsKarenM;
			productReference = 3A4E77AF2505CEBD007A3AFD /* MAD157Module4CarOptionsKarenM.app */;
			productType = "com.apple.product-type.application";
		};
/* End PBXNativeTarget section */

/* Begin PBXProject section */
		3A4E77A72505CEBD007A3AFD /* Project object */ = {
			isa = PBXProject;
			attributes = {
				LastSwiftUpdateCheck = 1160;
				LastUpgradeCheck = 1160;
				ORGANIZATIONNAME = "TygerMatrix Software";
				TargetAttributes = {
					3A4E77AE2505CEBD007A3AFD = {
						CreatedOnToolsVersion = 11.6;
					};
				};
			};
			buildConfigurationList = 3A4E77AA2505CEBD007A3AFD /* Build configuration list for PBXProject "MAD157Module4CarOptionsKarenM" */;
			compatibilityVersion = "Xcode 9.3";
			developmentRegion = en;
			hasScannedForEncodings = 0;
			knownRegions = (
				en,
				Base,
			);
			mainGroup = 3A4E77A62505CEBD007A3AFD;
			productRefGroup = 3A4E77B02505CEBD007A3AFD /* Products */;
			projectDirPath = "";
			projectRoot = "";
			targets = (
				3A4E77AE2505CEBD007A3AFD /* MAD157Module4CarOptionsKarenM */,
			);
		};
/* End PBXProject section */

/* Begin PBXResourcesBuildPhase section */
		3A4E77AD2505CEBD007A3AFD /* Resources */ = {
			isa = PBXResourcesBuildPhase;
			buildActionMask = 2147483647;
			files = (
				3A4E77E325086CAD007A3AFD /* supersonicRed.png in Resources */,
				3A4E77DD25086CAD007A3AFD /* electricStormBlue.png in Resources */,
				3A4E77BF2505CEBF007A3AFD /* LaunchScreen.storyboard in Resources */,
				3A4E77E025086CAD007A3AFD /* magneticGrayMetallic.png in Resources */,
				3A4E77BC2505CEBF007A3AFD /* Assets.xcassets in Resources */,
				3A4E77DF25086CAD007A3AFD /* seaGlassPearl.png in Resources */,
				3A4E77BA2505CEBD007A3AFD /* Main.storyboard in Resources */,
				3A4E77DE25086CAD007A3AFD /* classicSilverMetallic.png in Resources */,
				3A4E77E125086CAD007A3AFD /* windChillPearl.png in Resources */,
				3A4E77E225086CAD007A3AFD /* midnightBlackMetallic.png in Resources */,
			);
			runOnlyForDeploymentPostprocessing = 0;
		};
/* End PBXResourcesBuildPhase section */

/* Begin PBXSourcesBuildPhase section */
		3A4E77AB2505CEBD007A3AFD /* Sources */ = {
			isa = PBXSourcesBuildPhase;
			buildActionMask = 2147483647;
			files = (
				3A4E77B72505CEBD007A3AFD /* ViewController.swift in Sources */,
				3A4E77B32505CEBD007A3AFD /* AppDelegate.swift in Sources */,
				3A4E77B52505CEBD007A3AFD /* SceneDelegate.swift in Sources */,
			);
			runOnlyForDeploymentPostprocessing = 0;
		};
/* End PBXSourcesBuildPhase section */

/* Begin PBXVariantGroup section */
		3A4E77B82505CEBD007A3AFD /* Main.storyboard */ = {
			isa = PBXVariantGroup;
			children = (
				3A4E77B92505CEBD007A3AFD /* Base */,
			);
			name = Main.storyboard;
			sourceTree = "<group>";
		};
		3A4E77BD2505CEBF007A3AFD /* LaunchScreen.storyboard */ = {
			isa = PBXVariantGroup;
			children = (
				3A4E77BE2505CEBF007A3AFD /* Base */,
			);
			name = LaunchScreen.storyboard;
			sourceTree = "<group>";
		};
/* End PBXVariantGroup section */

/* Begin XCBuildConfiguration section */
		3A4E77C12505CEBF007A3AFD /* Debug */ = {
			isa = XCBuildConfiguration;
			buildSettings = {
				ALWAYS_SEARCH_USER_PATHS = NO;
				CLANG_ANALYZER_NONNULL = YES;
				CLANG_ANALYZER_NUMBER_OBJECT_CONVERSION = YES_AGGRESSIVE;
				CLANG_CXX_LANGUAGE_STANDARD = "gnu++14";
				CLANG_CXX_LIBRARY = "libc++";
				CLANG_ENABLE_MODULES = YES;
				CLANG_ENABLE_OBJC_ARC = YES;
				CLANG_ENABLE_OBJC_WEAK = YES;
				CLANG_WARN_BLOCK_CAPTURE_AUTORELEASING = YES;
				CLANG_WARN_BOOL_CONVERSION = YES;
				CLANG_WARN_COMMA = YES;
				CLANG_WARN_CONSTANT_CONVERSION = YES;
				CLANG_WARN_DEPRECATED_OBJC_IMPLEMENTATIONS = YES;
				CLANG_WARN_DIRECT_OBJC_ISA_USAGE = YES_ERROR;
				CLANG_WARN_DOCUMENTATION_COMMENTS = YES;
				CLANG_WARN_EMPTY_BODY = YES;
				CLANG_WARN_ENUM_CONVERSION = YES;
				CLANG_WARN_INFINITE_RECURSION = YES;
				CLANG_WARN_INT_CONVERSION = YES;
				CLANG_WARN_NON_LITERAL_NULL_CONVERSION = YES;
				CLANG_WARN_OBJC_IMPLICIT_RETAIN_SELF = YES;
				CLANG_WARN_OBJC_LITERAL_CONVERSION = YES;
				CLANG_WARN_OBJC_ROOT_CLASS = YES_ERROR;
				CLANG_WARN_RANGE_LOOP_ANALYSIS = YES;
				CLANG_WARN_STRICT_PROTOTYPES = YES;
				CLANG_WARN_SUSPICIOUS_MOVE = YES;
				CLANG_WARN_UNGUARDED_AVAILABILITY = YES_AGGRESSIVE;
				CLANG_WARN_UNREACHABLE_CODE = YES;
				CLANG_WARN__DUPLICATE_METHOD_MATCH = YES;
				COPY_PHASE_STRIP = NO;
				DEBUG_INFORMATION_FORMAT = dwarf;
				ENABLE_STRICT_OBJC_MSGSEND = YES;
				ENABLE_TESTABILITY = YES;
				GCC_C_LANGUAGE_STANDARD = gnu11;
				GCC_DYNAMIC_NO_PIC = NO;
				GCC_NO_COMMON_BLOCKS = YES;
				GCC_OPTIMIZATION_LEVEL = 0;
				GCC_PREPROCESSOR_DEFINITIONS = (
					"DEBUG=1",
					"$(inherited)",
				);
				GCC_WARN_64_TO_32_BIT_CONVERSION = YES;
				GCC_WARN_ABOUT_RETURN_TYPE = YES_ERROR;
				GCC_WARN_UNDECLARED_SELECTOR = YES;
				GCC_WARN_UNINITIALIZED_AUTOS = YES_AGGRESSIVE;
				GCC_WARN_UNUSED_FUNCTION = YES;
				GCC_WARN_UNUSED_VARIABLE = YES;
				IPHONEOS_DEPLOYMENT_TARGET = 13.6;
				MTL_ENABLE_DEBUG_INFO = INCLUDE_SOURCE;
				MTL_FAST_MATH = YES;
				ONLY_ACTIVE_ARCH = YES;
				SDKROOT = iphoneos;
				SWIFT_ACTIVE_COMPILATION_CONDITIONS = DEBUG;
				SWIFT_OPTIMIZATION_LEVEL = "-Onone";
			};
			name = Debug;
		};
		3A4E77C22505CEBF007A3AFD /* Release */ = {
			isa = XCBuildConfiguration;
			buildSettings = {
				ALWAYS_SEARCH_USER_PATHS = NO;
				CLANG_ANALYZER_NONNULL = YES;
				CLANG_ANALYZER_NUMBER_OBJECT_CONVERSION = YES_AGGRESSIVE;
				CLANG_CXX_LANGUAGE_STANDARD = "gnu++14";
				CLANG_CXX_LIBRARY = "libc++";
				CLANG_ENABLE_MODULES = YES;
				CLANG_ENABLE_OBJC_ARC = YES;
				CLANG_ENABLE_OBJC_WEAK = YES;
				CLANG_WARN_BLOCK_CAPTURE_AUTORELEASING = YES;
				CLANG_WARN_BOOL_CONVERSION = YES;
				CLANG_WARN_COMMA = YES;
				CLANG_WARN_CONSTANT_CONVERSION = YES;
				CLANG_WARN_DEPRECATED_OBJC_IMPLEMENTATIONS = YES;
				CLANG_WARN_DIRECT_OBJC_ISA_USAGE = YES_ERROR;
				CLANG_WARN_DOCUMENTATION_COMMENTS = YES;
				CLANG_WARN_EMPTY_BODY = YES;
				CLANG_WARN_ENUM_CONVERSION = YES;
				CLANG_WARN_INFINITE_RECURSION = YES;
				CLANG_WARN_INT_CONVERSION = YES;
				CLANG_WARN_NON_LITERAL_NULL_CONVERSION = YES;
				CLANG_WARN_OBJC_IMPLICIT_RETAIN_SELF = YES;
				CLANG_WARN_OBJC_LITERAL_CONVERSION = YES;
				CLANG_WARN_OBJC_ROOT_CLASS = YES_ERROR;
				CLANG_WARN_RANGE_LOOP_ANALYSIS = YES;
				CLANG_WARN_STRICT_PROTOTYPES = YES;
				CLANG_WARN_SUSPICIOUS_MOVE = YES;
				CLANG_WARN_UNGUARDED_AVAILABILITY = YES_AGGRESSIVE;
				CLANG_WARN_UNREACHABLE_CODE = YES;
				CLANG_WARN__DUPLICATE_METHOD_MATCH = YES;
				COPY_PHASE_STRIP = NO;
				DEBUG_INFORMATION_FORMAT = "dwarf-with-dsym";
				ENABLE_NS_ASSERTIONS = NO;
				ENABLE_STRICT_OBJC_MSGSEND = YES;
				GCC_C_LANGUAGE_STANDARD = gnu11;
				GCC_NO_COMMON_BLOCKS = YES;
				GCC_WARN_64_TO_32_BIT_CONVERSION = YES;
				GCC_WARN_ABOUT_RETURN_TYPE = YES_ERROR;
				GCC_WARN_UNDECLARED_SELECTOR = YES;
				GCC_WARN_UNINITIALIZED_AUTOS = YES_AGGRESSIVE;
				GCC_WARN_UNUSED_FUNCTION = YES;
				GCC_WARN_UNUSED_VARIABLE = YES;
				IPHONEOS_DEPLOYMENT_TARGET = 13.6;
				MTL_ENABLE_DEBUG_INFO = NO;
				MTL_FAST_MATH = YES;
				SDKROOT = iphoneos;
				SWIFT_COMPILATION_MODE = wholemodule;
				SWIFT_OPTIMIZATION_LEVEL = "-O";
				VALIDATE_PRODUCT = YES;
			};
			name = Release;
		};
		3A4E77C42505CEBF007A3AFD /* Debug */ = {
			isa = XCBuildConfiguration;
			buildSettings = {
				ASSETCATALOG_COMPILER_APPICON_NAME = AppIcon;
				CODE_SIGN_STYLE = Automatic;
				INFOPLIST_FILE = MAD157Module4CarOptionsKarenM/Info.plist;
				LD_RUNPATH_SEARCH_PATHS = (
					"$(inherited)",
					"@executable_path/Frameworks",
				);
				PRODUCT_BUNDLE_IDENTIFIER = com.TygerMatrix.MAD157Module4CarOptionsKarenM;
				PRODUCT_NAME = "$(TARGET_NAME)";
				SWIFT_VERSION = 5.0;
				TARGETED_DEVICE_FAMILY = "1,2";
			};
			name = Debug;
		};
		3A4E77C52505CEBF007A3AFD /* Release */ = {
			isa = XCBuildConfiguration;
			buildSettings = {
				ASSETCATALOG_COMPILER_APPICON_NAME = AppIcon;
				CODE_SIGN_STYLE = Automatic;
				INFOPLIST_FILE = MAD157Module4CarOptionsKarenM/Info.plist;
				LD_RUNPATH_SEARCH_PATHS = (
					"$(inherited)",
					"@executable_path/Frameworks",
				);
				PRODUCT_BUNDLE_IDENTIFIER = com.TygerMatrix.MAD157Module4CarOptionsKarenM;
				PRODUCT_NAME = "$(TARGET_NAME)";
				SWIFT_VERSION = 5.0;
				TARGETED_DEVICE_FAMILY = "1,2";
			};
			name = Release;
		};
/* End XCBuildConfiguration section */

/* Begin XCConfigurationList section */
		3A4E77AA2505CEBD007A3AFD /* Build configuration list for PBXProject "MAD157Module4CarOptionsKarenM" */ = {
			isa = XCConfigurationList;
			buildConfigurations = (
				3A4E77C12505CEBF007A3AFD /* Debug */,
				3A4E77C22505CEBF007A3AFD /* Release */,
			);
			defaultConfigurationIsVisible = 0;
			defaultConfigurationName = Release;
		};
		3A4E77C32505CEBF007A3AFD /* Build configuration list for PBXNativeTarget "MAD157Module4CarOptionsKarenM" */ = {
			isa = XCConfigurationList;
			buildConfigurations = (
				3A4E77C42505CEBF007A3AFD /* Debug */,
				3A4E77C52505CEBF007A3AFD /* Release */,
			);
			defaultConfigurationIsVisible = 0;
			defaultConfigurationName = Release;
		};
/* End XCConfigurationList section */
	};
	rootObject = 3A4E77A72505CEBD007A3AFD /* Project object */;
}
